
Microsoft Visual Studio Solution File, Format Version 12.00
# Visual Studio Version 17
VisualStudioVersion = 17.3.32825.248
MinimumVisualStudioVersion = 10.0.40219.1
Project("{FAE04EC0-301F-11D3-BF4B-00C04F79EFBC}") = "WpfApp1", "WpfApp1\WpfApp1.csproj", "{B6C18B36-4F28-488B-8EEB-E96389770316}"
EndProject
Global
	GlobalSection(SolutionConfigurationPlatforms) = preSolution
		Debug|Any CPU = Debug|Any CPU
		Release|Any CPU = Release|Any CPU
	EndGlobalSection
	GlobalSection(ProjectConfigurationPlatforms) = postSolution
		{B6C18B36-4F28-488B-8EEB-E96389770316}.Debug|Any CPU.ActiveCfg = Debug|Any CPU
		{B6C18B36-4F28-488B-8EEB-E96389770316}.Debug|Any CPU.Build.0 = Debug|Any CPU
		{B6C18B36-4F28-488B-8EEB-E96389770316}.Release|Any CPU.ActiveCfg = Release|Any CPU
		{B6C18B36-4F28-488B-8EEB-E96389770316}.Release|Any CPU.Build.0 = Release|Any CPU
	EndGlobalSection
	GlobalSection(SolutionProperties) = preSolution
		HideSolutionNode = FALSE
	EndGlobalSection
	GlobalSection(ExtensibilityGlobals) = postSolution
		SolutionGuid = {43EA927E-463B-45A0-B1BD-71126D639312}
	EndGlobalSection
EndGlobal
